
Microsoft Visual Studio Solution File, Format Version 12.00
# Visual Studio Version 17
VisualStudioVersion = 17.0.31903.59
MinimumVisualStudioVersion = 10.0.40219.1
Project("{2150E333-8FDC-42A3-9474-1A3956D46DE8}") = "src", "src", "{4BEEB240-BB7B-4649-9C56-BC5F394823D1}"
EndProject
Project("{FAE04EC0-301F-11D3-BF4B-00C04F79EFBC}") = "PhoneTextApp.PhoneTextAppCode", "src\PhoneTextApp.PhoneTextAppCode\PhoneTextApp.PhoneTextAppCode.csproj", "{0FC72418-C3FC-43E0-A6FD-DAFBEF2F6AB6}"
EndProject
Project("{FAE04EC0-301F-11D3-BF4B-00C04F79EFBC}") = "PhoneTextApp.PhoneTextComponent", "src\PhoneTextApp.PhoneTextComponent\PhoneTextApp.PhoneTextComponent.csproj", "{246EA4AC-5E91-4411-8808-DB80FE5B56AA}"
EndProject
Global
	GlobalSection(SolutionConfigurationPlatforms) = preSolution
		Debug|Any CPU = Debug|Any CPU
		Release|Any CPU = Release|Any CPU
	EndGlobalSection
	GlobalSection(SolutionProperties) = preSolution
		HideSolutionNode = FALSE
	EndGlobalSection
	GlobalSection(ProjectConfigurationPlatforms) = postSolution
		{0FC72418-C3FC-43E0-A6FD-DAFBEF2F6AB6}.Debug|Any CPU.ActiveCfg = Debug|Any CPU
		{0FC72418-C3FC-43E0-A6FD-DAFBEF2F6AB6}.Debug|Any CPU.Build.0 = Debug|Any CPU
		{0FC72418-C3FC-43E0-A6FD-DAFBEF2F6AB6}.Release|Any CPU.ActiveCfg = Release|Any CPU
		{0FC72418-C3FC-43E0-A6FD-DAFBEF2F6AB6}.Release|Any CPU.Build.0 = Release|Any CPU
		{246EA4AC-5E91-4411-8808-DB80FE5B56AA}.Debug|Any CPU.ActiveCfg = Debug|Any CPU
		{246EA4AC-5E91-4411-8808-DB80FE5B56AA}.Debug|Any CPU.Build.0 = Debug|Any CPU
		{246EA4AC-5E91-4411-8808-DB80FE5B56AA}.Release|Any CPU.ActiveCfg = Release|Any CPU
		{246EA4AC-5E91-4411-8808-DB80FE5B56AA}.Release|Any CPU.Build.0 = Release|Any CPU
	EndGlobalSection
	GlobalSection(NestedProjects) = preSolution
		{0FC72418-C3FC-43E0-A6FD-DAFBEF2F6AB6} = {4BEEB240-BB7B-4649-9C56-BC5F394823D1}
		{246EA4AC-5E91-4411-8808-DB80FE5B56AA} = {4BEEB240-BB7B-4649-9C56-BC5F394823D1}
	EndGlobalSection
EndGlobal
